
Microsoft Visual Studio Solution File, Format Version 12.00
# Visual Studio Version 17
VisualStudioVersion = 17.0.31903.59
MinimumVisualStudioVersion = 10.0.40219.1
Project("{FAE04EC0-301F-11D3-BF4B-00C04F79EFBC}") = "TelegramBot", "TelegramBot\TelegramBot.csproj", "{437AB2F1-7AE1-4B32-95E7-682DA8A503A5}"
EndProject
Global
	GlobalSection(SolutionConfigurationPlatforms) = preSolution
		Debug|Any CPU = Debug|Any CPU
		Release|Any CPU = Release|Any CPU
	EndGlobalSection
	GlobalSection(ProjectConfigurationPlatforms) = postSolution
		{437AB2F1-7AE1-4B32-95E7-682DA8A503A5}.Debug|Any CPU.ActiveCfg = Debug|Any CPU
		{437AB2F1-7AE1-4B32-95E7-682DA8A503A5}.Debug|Any CPU.Build.0 = Debug|Any CPU
		{437AB2F1-7AE1-4B32-95E7-682DA8A503A5}.Release|Any CPU.ActiveCfg = Release|Any CPU
		{437AB2F1-7AE1-4B32-95E7-682DA8A503A5}.Release|Any CPU.Build.0 = Release|Any CPU
	EndGlobalSection
	GlobalSection(SolutionProperties) = preSolution
		HideSolutionNode = FALSE
	EndGlobalSection
	GlobalSection(ExtensibilityGlobals) = postSolution
		SolutionGuid = {B838F189-2939-452C-9032-7EE073B19057}
	EndGlobalSection
EndGlobal
